
Microsoft Visual Studio Solution File, Format Version 12.00
# Visual Studio Version 17
VisualStudioVersion = 17.2.32630.192
MinimumVisualStudioVersion = 10.0.40219.1
Project("{FAE04EC0-301F-11D3-BF4B-00C04F79EFBC}") = "WeddingPageTests", "WeddingPageTests\WeddingPageTests.csproj", "{725C761A-FB0D-4639-99EF-F69E5FC651D2}"
EndProject
Global
	GlobalSection(SolutionConfigurationPlatforms) = preSolution
		Debug|Any CPU = Debug|Any CPU
		Release|Any CPU = Release|Any CPU
	EndGlobalSection
	GlobalSection(ProjectConfigurationPlatforms) = postSolution
		{725C761A-FB0D-4639-99EF-F69E5FC651D2}.Debug|Any CPU.ActiveCfg = Debug|Any CPU
		{725C761A-FB0D-4639-99EF-F69E5FC651D2}.Debug|Any CPU.Build.0 = Debug|Any CPU
		{725C761A-FB0D-4639-99EF-F69E5FC651D2}.Release|Any CPU.ActiveCfg = Release|Any CPU
		{725C761A-FB0D-4639-99EF-F69E5FC651D2}.Release|Any CPU.Build.0 = Release|Any CPU
	EndGlobalSection
	GlobalSection(SolutionProperties) = preSolution
		HideSolutionNode = FALSE
	EndGlobalSection
	GlobalSection(ExtensibilityGlobals) = postSolution
		SolutionGuid = {6C2E08E2-7E8E-49C8-A1A2-BC322FD03B6E}
	EndGlobalSection
EndGlobal
